{
  "name": "@metaxia/scriptures",
  "version": "0.1.0",
  "lockfileVersion": 3,
  "requires": true,
  "packages": {
    "": {
      "name": "@metaxia/scriptures",
      "version": "0.1.0",
      "license": "MIT",
      "dependencies": {
        "@metaxia/scriptures-core": "^0.1.0",
        "@metaxia/scriptures-source-byztxt-tr": "^0.1.0",
        "@metaxia/scriptures-source-crosswire-kjv": "^0.1.0",
        "@metaxia/scriptures-source-openscriptures-ohb": "^0.1.0",
        "@metaxia/scriptures-source-stepbible-lexicon": "^0.1.0"
      },
      "devDependencies": {
        "typescript": "^5.3.0"
      },
      "engines": {
        "node": ">=18.0.0"
      }
    },
    "node_modules/@metaxia/scriptures-core": {
      "version": "0.1.0",
      "resolved": "https://registry.npmjs.org/@metaxia/scriptures-core/-/scriptures-core-0.1.0.tgz",
      "integrity": "sha512-q7kRUs/So4zfBRMn5Zi5JUxdGefd/ZRJn4RNWIBbqmnfA4jIYsw7g9mGeMQZV2N14jko9fb+DDOUD+qt0TGGrA==",
      "license": "MIT",
      "engines": {
        "node": ">=18.0.0"
      }
    },
    "node_modules/@metaxia/scriptures-source-byztxt-tr": {
      "version": "0.1.0",
      "resolved": "https://registry.npmjs.org/@metaxia/scriptures-source-byztxt-tr/-/scriptures-source-byztxt-tr-0.1.0.tgz",
      "integrity": "sha512-aqDXha5g15d2ZczqdPBNptYRDTxee54z1qjtE/w9RjHKKkm6xw1CNYvvcGqHDcizDxxuEIX28eM1Y7QlSph70A==",
      "license": "MIT",
      "peerDependencies": {
        "@metaxia/scriptures-core": ">=0.1.0"
      }
    },
    "node_modules/@metaxia/scriptures-source-crosswire-kjv": {
      "version": "0.1.0",
      "resolved": "https://registry.npmjs.org/@metaxia/scriptures-source-crosswire-kjv/-/scriptures-source-crosswire-kjv-0.1.0.tgz",
      "integrity": "sha512-eJi/6zxjMyISswOvt+dl4bkDSA0ZKXjQLGmEqfbGsjMlOiqin759Qg3XwPZbdxuLWXBe4P6eHLEsPP+Bw7Un/g==",
      "license": "MIT",
      "dependencies": {
        "saxes": "^6.0.0"
      },
      "peerDependencies": {
        "@metaxia/scriptures-core": ">=0.1.0"
      }
    },
    "node_modules/@metaxia/scriptures-source-openscriptures-ohb": {
      "version": "0.1.0",
      "resolved": "https://registry.npmjs.org/@metaxia/scriptures-source-openscriptures-ohb/-/scriptures-source-openscriptures-ohb-0.1.0.tgz",
      "integrity": "sha512-MYliQfsCgPbNfkVsshE/6EEol9pYhErq/d1xDPlXxK4kLNjYJ1DmQ3mrdvNSTa1DRu2mLzyIgpAMRvMirHGQAg==",
      "license": "MIT",
      "peerDependencies": {
        "@metaxia/scriptures-core": ">=0.1.0"
      }
    },
    "node_modules/@metaxia/scriptures-source-stepbible-lexicon": {
      "version": "0.1.0",
      "resolved": "https://registry.npmjs.org/@metaxia/scriptures-source-stepbible-lexicon/-/scriptures-source-stepbible-lexicon-0.1.0.tgz",
      "integrity": "sha512-GQ8/ViJZTSIYr7Zqlv8F88vEiJd1EGCpb3jW8HnMWWYLWa1qMvSjPgMSjaQgotNp3HC2WtCyjGVdVjH6LzJq4A==",
      "license": "MIT",
      "peerDependencies": {
        "@metaxia/scriptures-core": ">=0.1.0"
      }
    },
    "node_modules/saxes": {
      "version": "6.0.0",
      "resolved": "https://registry.npmjs.org/saxes/-/saxes-6.0.0.tgz",
      "integrity": "sha512-xAg7SOnEhrm5zI3puOOKyy1OMcMlIJZYNJY7xLBwSze0UjhPLnWfj2GF2EpT0jmzaJKIWKHLsaSSajf35bcYnA==",
      "license": "ISC",
      "dependencies": {
        "xmlchars": "^2.2.0"
      },
      "engines": {
        "node": ">=v12.22.7"
      }
    },
    "node_modules/typescript": {
      "version": "5.9.3",
      "resolved": "https://registry.npmjs.org/typescript/-/typescript-5.9.3.tgz",
      "integrity": "sha512-jl1vZzPDinLr9eUt3J/t7V6FgNEw9QjvBPdysz9KfQDD41fQrC2Y4vKQdiaUpFT4bXlb1RHhLpp8wtm6M5TgSw==",
      "dev": true,
      "license": "Apache-2.0",
      "bin": {
        "tsc": "bin/tsc",
        "tsserver": "bin/tsserver"
      },
      "engines": {
        "node": ">=14.17"
      }
    },
    "node_modules/xmlchars": {
      "version": "2.2.0",
      "resolved": "https://registry.npmjs.org/xmlchars/-/xmlchars-2.2.0.tgz",
      "integrity": "sha512-JZnDKK8B0RCDw84FNdDAIpZK+JuJw+s7Lz8nksI7SIuU3UXJJslUthsi+uWBUYOwPFwW7W7PRLRfUKpxjtjFCw==",
      "license": "MIT"
    }
  }
}
