{
  "name": "@metaxia/scriptures",
  "version": "0.1.1",
  "lockfileVersion": 3,
  "requires": true,
  "packages": {
    "": {
      "name": "@metaxia/scriptures",
      "version": "0.1.1",
      "license": "MIT",
      "dependencies": {
        "@metaxia/scriptures-core": "^0.1.1",
        "@metaxia/scriptures-source-byztxt-tr": "^0.1.1",
        "@metaxia/scriptures-source-crosswire-kjv": "^0.1.1",
        "@metaxia/scriptures-source-openscriptures-ohb": "^0.1.1",
        "@metaxia/scriptures-source-stepbible-lexicon": "^0.1.1"
      },
      "devDependencies": {
        "typescript": "^5.3.0"
      },
      "engines": {
        "node": ">=18.0.0"
      }
    },
    "node_modules/@metaxia/scriptures-core": {
      "version": "0.1.1",
      "resolved": "https://registry.npmjs.org/@metaxia/scriptures-core/-/scriptures-core-0.1.1.tgz",
      "integrity": "sha512-D5hfEKiHab0DD5AyNOM6UCcusurCUsruv/cq0nmVWhfKgYzfEv/VA5pxdlLCVBui0NKHD6VwF8nQ/92NbvaQXQ==",
      "license": "MIT",
      "engines": {
        "node": ">=18.0.0"
      }
    },
    "node_modules/@metaxia/scriptures-source-byztxt-tr": {
      "version": "0.1.1",
      "resolved": "https://registry.npmjs.org/@metaxia/scriptures-source-byztxt-tr/-/scriptures-source-byztxt-tr-0.1.1.tgz",
      "integrity": "sha512-XY0BLu0xjrPWQklQijVy6FLsKKgMLNE/sScoTHMkQj1knXKFxy1/11kfW13eopO5hF2dYqDIOMSTTYJ1gsRTXw==",
      "license": "MIT",
      "peerDependencies": {
        "@metaxia/scriptures-core": ">=0.1.0"
      }
    },
    "node_modules/@metaxia/scriptures-source-crosswire-kjv": {
      "version": "0.1.1",
      "resolved": "https://registry.npmjs.org/@metaxia/scriptures-source-crosswire-kjv/-/scriptures-source-crosswire-kjv-0.1.1.tgz",
      "integrity": "sha512-imOke9IjiHV7JU/hexkHc2Th2FQe/+C6u7E3PdMapcwBudNfG6ilDam/5XKC98uvj6eEFXwctMNcHJkeJCrnxw==",
      "license": "MIT",
      "dependencies": {
        "saxes": "^6.0.0"
      },
      "peerDependencies": {
        "@metaxia/scriptures-core": ">=0.1.0"
      }
    },
    "node_modules/@metaxia/scriptures-source-openscriptures-ohb": {
      "version": "0.1.1",
      "resolved": "https://registry.npmjs.org/@metaxia/scriptures-source-openscriptures-ohb/-/scriptures-source-openscriptures-ohb-0.1.1.tgz",
      "integrity": "sha512-v0mOiMIpMvcE/9O73VGPqiCrOrQ4pO2rsLRerhhlA7tUX/ZXvfSP9iu2lRrlN6oWKlY2k6NZfBY0P0iM4Hu0fQ==",
      "license": "MIT",
      "peerDependencies": {
        "@metaxia/scriptures-core": ">=0.1.0"
      }
    },
    "node_modules/@metaxia/scriptures-source-stepbible-lexicon": {
      "version": "0.1.1",
      "resolved": "https://registry.npmjs.org/@metaxia/scriptures-source-stepbible-lexicon/-/scriptures-source-stepbible-lexicon-0.1.1.tgz",
      "integrity": "sha512-gTwdwLR1HFuoz3WhbrTvVskcOaVkp7gIFMXNxie7xY0pVeyev+AuAZ2kMJUpQebRhJh0POqE1CJnUugSd/HL8Q==",
      "license": "MIT",
      "peerDependencies": {
        "@metaxia/scriptures-core": ">=0.1.1"
      }
    },
    "node_modules/saxes": {
      "version": "6.0.0",
      "resolved": "https://registry.npmjs.org/saxes/-/saxes-6.0.0.tgz",
      "integrity": "sha512-xAg7SOnEhrm5zI3puOOKyy1OMcMlIJZYNJY7xLBwSze0UjhPLnWfj2GF2EpT0jmzaJKIWKHLsaSSajf35bcYnA==",
      "license": "ISC",
      "dependencies": {
        "xmlchars": "^2.2.0"
      },
      "engines": {
        "node": ">=v12.22.7"
      }
    },
    "node_modules/typescript": {
      "version": "5.9.3",
      "resolved": "https://registry.npmjs.org/typescript/-/typescript-5.9.3.tgz",
      "integrity": "sha512-jl1vZzPDinLr9eUt3J/t7V6FgNEw9QjvBPdysz9KfQDD41fQrC2Y4vKQdiaUpFT4bXlb1RHhLpp8wtm6M5TgSw==",
      "dev": true,
      "license": "Apache-2.0",
      "bin": {
        "tsc": "bin/tsc",
        "tsserver": "bin/tsserver"
      },
      "engines": {
        "node": ">=14.17"
      }
    },
    "node_modules/xmlchars": {
      "version": "2.2.0",
      "resolved": "https://registry.npmjs.org/xmlchars/-/xmlchars-2.2.0.tgz",
      "integrity": "sha512-JZnDKK8B0RCDw84FNdDAIpZK+JuJw+s7Lz8nksI7SIuU3UXJJslUthsi+uWBUYOwPFwW7W7PRLRfUKpxjtjFCw==",
      "license": "MIT"
    }
  }
}
