{
  "name": "@metaxia/scriptures",
  "version": "0.1.0",
  "lockfileVersion": 3,
  "requires": true,
  "packages": {
    "": {
      "name": "@metaxia/scriptures",
      "version": "0.1.0",
      "license": "MIT",
      "dependencies": {
        "@metaxia/scriptures-core": "git+ssh://git@github.com/metaxiamultimedia/scriptures-js-core",
        "@metaxia/scriptures-source-byztxt-tr": "git+ssh://git@github.com/metaxiamultimedia/scriptures-js-source-byztxt-tr",
        "@metaxia/scriptures-source-crosswire-kjv": "git+ssh://git@github.com/metaxiamultimedia/scriptures-js-source-crosswire-kjv",
        "@metaxia/scriptures-source-openscriptures-ohb": "git+ssh://git@github.com/metaxiamultimedia/scriptures-js-source-openscriptures-ohb",
        "@metaxia/scriptures-source-stepbible-lexicon": "git+ssh://git@github.com/metaxiamultimedia/scriptures-js-source-stepbible-lexicon"
      },
      "devDependencies": {
        "typescript": "^5.3.0"
      },
      "engines": {
        "node": ">=18.0.0"
      }
    },
    "node_modules/@metaxia/scriptures-core": {
      "version": "0.1.0",
      "resolved": "git+ssh://git@github.com/metaxiamultimedia/scriptures-js-core.git#a43643685281b2c4ce780a5609789e2b7b725847",
      "license": "MIT",
      "engines": {
        "node": ">=18.0.0"
      }
    },
    "node_modules/@metaxia/scriptures-source-byztxt-tr": {
      "version": "0.1.0",
      "resolved": "git+ssh://git@github.com/metaxiamultimedia/scriptures-js-source-byztxt-tr.git#69f9d9a5c6bea839e3a08be97df24c8f46d077c5",
      "license": "MIT",
      "peerDependencies": {
        "@metaxia/scriptures-core": ">=0.1.0"
      }
    },
    "node_modules/@metaxia/scriptures-source-crosswire-kjv": {
      "version": "0.1.0",
      "resolved": "git+ssh://git@github.com/metaxiamultimedia/scriptures-js-source-crosswire-kjv.git#978213bcf7b51ceef4377a90919f04be3e1417a8",
      "license": "MIT",
      "dependencies": {
        "saxes": "^6.0.0"
      },
      "peerDependencies": {
        "@metaxia/scriptures-core": ">=0.1.0"
      }
    },
    "node_modules/@metaxia/scriptures-source-openscriptures-ohb": {
      "version": "0.1.0",
      "resolved": "git+ssh://git@github.com/metaxiamultimedia/scriptures-js-source-openscriptures-ohb.git#f424afe50ce7bc391786bab498bc830f3372661e",
      "license": "MIT",
      "peerDependencies": {
        "@metaxia/scriptures-core": ">=0.1.0"
      }
    },
    "node_modules/@metaxia/scriptures-source-stepbible-lexicon": {
      "version": "0.1.0",
      "resolved": "git+ssh://git@github.com/metaxiamultimedia/scriptures-js-source-stepbible-lexicon.git#2e9403ad88624fc7ff4a3150021381f99efd90c0",
      "license": "MIT",
      "peerDependencies": {
        "@metaxia/scriptures-core": ">=0.1.0"
      }
    },
    "node_modules/saxes": {
      "version": "6.0.0",
      "resolved": "https://registry.npmjs.org/saxes/-/saxes-6.0.0.tgz",
      "integrity": "sha512-xAg7SOnEhrm5zI3puOOKyy1OMcMlIJZYNJY7xLBwSze0UjhPLnWfj2GF2EpT0jmzaJKIWKHLsaSSajf35bcYnA==",
      "license": "ISC",
      "dependencies": {
        "xmlchars": "^2.2.0"
      },
      "engines": {
        "node": ">=v12.22.7"
      }
    },
    "node_modules/typescript": {
      "version": "5.9.3",
      "resolved": "https://registry.npmjs.org/typescript/-/typescript-5.9.3.tgz",
      "integrity": "sha512-jl1vZzPDinLr9eUt3J/t7V6FgNEw9QjvBPdysz9KfQDD41fQrC2Y4vKQdiaUpFT4bXlb1RHhLpp8wtm6M5TgSw==",
      "dev": true,
      "license": "Apache-2.0",
      "bin": {
        "tsc": "bin/tsc",
        "tsserver": "bin/tsserver"
      },
      "engines": {
        "node": ">=14.17"
      }
    },
    "node_modules/xmlchars": {
      "version": "2.2.0",
      "resolved": "https://registry.npmjs.org/xmlchars/-/xmlchars-2.2.0.tgz",
      "integrity": "sha512-JZnDKK8B0RCDw84FNdDAIpZK+JuJw+s7Lz8nksI7SIuU3UXJJslUthsi+uWBUYOwPFwW7W7PRLRfUKpxjtjFCw==",
      "license": "MIT"
    }
  }
}
